
Microsoft Visual Studio Solution File, Format Version 12.00
# Visual Studio Version 17
VisualStudioVersion = 17.9.34622.214
MinimumVisualStudioVersion = 10.0.40219.1
Project("{9A19103F-16F7-4668-BE54-9A1E7A4F7556}") = "MOI_Eservice", "MOI_Eservice\MOI_Eservice.csproj", "{4BAF9FA2-0D6C-4E1D-9154-D32CC5CD3072}"
EndProject
Project("{9A19103F-16F7-4668-BE54-9A1E7A4F7556}") = "MOINFO_API", "MOINFO_API\MOINFO_API.csproj", "{254A9B4D-59E4-4EDF-A20F-F24C3B37C0A6}"
EndProject
Project("{9A19103F-16F7-4668-BE54-9A1E7A4F7556}") = "Domain", "Domain\Domain.csproj", "{4620768A-2DFC-4747-92B8-C29C79B5A6AB}"
EndProject
Project("{9A19103F-16F7-4668-BE54-9A1E7A4F7556}") = "Business", "Business\Business.csproj", "{B243736B-865E-4E33-9E82-025F786CE81B}"
EndProject
Global
	GlobalSection(SolutionConfigurationPlatforms) = preSolution
		Debug|Any CPU = Debug|Any CPU
		Release|Any CPU = Release|Any CPU
	EndGlobalSection
	GlobalSection(ProjectConfigurationPlatforms) = postSolution
		{4BAF9FA2-0D6C-4E1D-9154-D32CC5CD3072}.Debug|Any CPU.ActiveCfg = Debug|Any CPU
		{4BAF9FA2-0D6C-4E1D-9154-D32CC5CD3072}.Debug|Any CPU.Build.0 = Debug|Any CPU
		{4BAF9FA2-0D6C-4E1D-9154-D32CC5CD3072}.Release|Any CPU.ActiveCfg = Release|Any CPU
		{4BAF9FA2-0D6C-4E1D-9154-D32CC5CD3072}.Release|Any CPU.Build.0 = Release|Any CPU
		{254A9B4D-59E4-4EDF-A20F-F24C3B37C0A6}.Debug|Any CPU.ActiveCfg = Debug|Any CPU
		{254A9B4D-59E4-4EDF-A20F-F24C3B37C0A6}.Debug|Any CPU.Build.0 = Debug|Any CPU
		{254A9B4D-59E4-4EDF-A20F-F24C3B37C0A6}.Release|Any CPU.ActiveCfg = Release|Any CPU
		{254A9B4D-59E4-4EDF-A20F-F24C3B37C0A6}.Release|Any CPU.Build.0 = Release|Any CPU
		{4620768A-2DFC-4747-92B8-C29C79B5A6AB}.Debug|Any CPU.ActiveCfg = Debug|Any CPU
		{4620768A-2DFC-4747-92B8-C29C79B5A6AB}.Debug|Any CPU.Build.0 = Debug|Any CPU
		{4620768A-2DFC-4747-92B8-C29C79B5A6AB}.Release|Any CPU.ActiveCfg = Release|Any CPU
		{4620768A-2DFC-4747-92B8-C29C79B5A6AB}.Release|Any CPU.Build.0 = Release|Any CPU
		{B243736B-865E-4E33-9E82-025F786CE81B}.Debug|Any CPU.ActiveCfg = Debug|Any CPU
		{B243736B-865E-4E33-9E82-025F786CE81B}.Debug|Any CPU.Build.0 = Debug|Any CPU
		{B243736B-865E-4E33-9E82-025F786CE81B}.Release|Any CPU.ActiveCfg = Release|Any CPU
		{B243736B-865E-4E33-9E82-025F786CE81B}.Release|Any CPU.Build.0 = Release|Any CPU
	EndGlobalSection
	GlobalSection(SolutionProperties) = preSolution
		HideSolutionNode = FALSE
	EndGlobalSection
	GlobalSection(ExtensibilityGlobals) = postSolution
		SolutionGuid = {6A4783E7-3765-4F2A-BF66-B81C118CB3D5}
	EndGlobalSection
EndGlobal
